
Microsoft Visual Studio Solution File, Format Version 12.00
# Visual Studio Version 17
VisualStudioVersion = 17.4.33205.214
MinimumVisualStudioVersion = 10.0.40219.1
Project("{FAE04EC0-301F-11D3-BF4B-00C04F79EFBC}") = "OOP_Homework_3", "OOP_Homework_3\OOP_Homework_3.csproj", "{0DC15AA1-2DEE-428E-865E-4A8A3F48AF55}"
EndProject
Global
	GlobalSection(SolutionConfigurationPlatforms) = preSolution
		Debug|Any CPU = Debug|Any CPU
		Release|Any CPU = Release|Any CPU
	EndGlobalSection
	GlobalSection(ProjectConfigurationPlatforms) = postSolution
		{0DC15AA1-2DEE-428E-865E-4A8A3F48AF55}.Debug|Any CPU.ActiveCfg = Debug|Any CPU
		{0DC15AA1-2DEE-428E-865E-4A8A3F48AF55}.Debug|Any CPU.Build.0 = Debug|Any CPU
		{0DC15AA1-2DEE-428E-865E-4A8A3F48AF55}.Release|Any CPU.ActiveCfg = Release|Any CPU
		{0DC15AA1-2DEE-428E-865E-4A8A3F48AF55}.Release|Any CPU.Build.0 = Release|Any CPU
	EndGlobalSection
	GlobalSection(SolutionProperties) = preSolution
		HideSolutionNode = FALSE
	EndGlobalSection
	GlobalSection(ExtensibilityGlobals) = postSolution
		SolutionGuid = {70DAE536-F7AB-4740-8A10-5EDBE8E17199}
	EndGlobalSection
EndGlobal
