
Microsoft Visual Studio Solution File, Format Version 12.00
# Visual Studio Version 17
VisualStudioVersion = 17.4.33205.214
MinimumVisualStudioVersion = 10.0.40219.1
Project("{FAE04EC0-301F-11D3-BF4B-00C04F79EFBC}") = "OOP_Homework_5", "OOP_Homework_5\OOP_Homework_5.csproj", "{44733347-0082-4DB6-8D37-4816261E2048}"
EndProject
Global
	GlobalSection(SolutionConfigurationPlatforms) = preSolution
		Debug|Any CPU = Debug|Any CPU
		Release|Any CPU = Release|Any CPU
	EndGlobalSection
	GlobalSection(ProjectConfigurationPlatforms) = postSolution
		{44733347-0082-4DB6-8D37-4816261E2048}.Debug|Any CPU.ActiveCfg = Debug|Any CPU
		{44733347-0082-4DB6-8D37-4816261E2048}.Debug|Any CPU.Build.0 = Debug|Any CPU
		{44733347-0082-4DB6-8D37-4816261E2048}.Release|Any CPU.ActiveCfg = Release|Any CPU
		{44733347-0082-4DB6-8D37-4816261E2048}.Release|Any CPU.Build.0 = Release|Any CPU
	EndGlobalSection
	GlobalSection(SolutionProperties) = preSolution
		HideSolutionNode = FALSE
	EndGlobalSection
	GlobalSection(ExtensibilityGlobals) = postSolution
		SolutionGuid = {D21770B5-9742-48A2-A56C-4ABCD7C77F88}
	EndGlobalSection
EndGlobal
